
Microsoft Visual Studio Solution File, Format Version 12.00
# Visual Studio Version 17
VisualStudioVersion = 17.2.32526.322
MinimumVisualStudioVersion = 10.0.40219.1
Project("{2150E333-8FDC-42A3-9474-1A3956D46DE8}") = "Services", "Services", "{63390858-536F-4A87-BC74-8C81AF909FA2}"
EndProject
Project("{FAE04EC0-301F-11D3-BF4B-00C04F79EFBC}") = "Parser.API", "Services\Parser.API\Parser.API.csproj", "{974EE5EA-95F4-4352-9C45-B632D4F5C593}"
EndProject
Project("{FAE04EC0-301F-11D3-BF4B-00C04F79EFBC}") = "Loader.API", "Services\Loader.API\Loader.API.csproj", "{898ABB6D-94DD-42DF-A1CB-482F973B82E3}"
EndProject
Global
	GlobalSection(SolutionConfigurationPlatforms) = preSolution
		Debug|Any CPU = Debug|Any CPU
		Release|Any CPU = Release|Any CPU
	EndGlobalSection
	GlobalSection(ProjectConfigurationPlatforms) = postSolution
		{974EE5EA-95F4-4352-9C45-B632D4F5C593}.Debug|Any CPU.ActiveCfg = Debug|Any CPU
		{974EE5EA-95F4-4352-9C45-B632D4F5C593}.Debug|Any CPU.Build.0 = Debug|Any CPU
		{974EE5EA-95F4-4352-9C45-B632D4F5C593}.Release|Any CPU.ActiveCfg = Release|Any CPU
		{974EE5EA-95F4-4352-9C45-B632D4F5C593}.Release|Any CPU.Build.0 = Release|Any CPU
		{898ABB6D-94DD-42DF-A1CB-482F973B82E3}.Debug|Any CPU.ActiveCfg = Debug|Any CPU
		{898ABB6D-94DD-42DF-A1CB-482F973B82E3}.Debug|Any CPU.Build.0 = Debug|Any CPU
		{898ABB6D-94DD-42DF-A1CB-482F973B82E3}.Release|Any CPU.ActiveCfg = Release|Any CPU
		{898ABB6D-94DD-42DF-A1CB-482F973B82E3}.Release|Any CPU.Build.0 = Release|Any CPU
	EndGlobalSection
	GlobalSection(SolutionProperties) = preSolution
		HideSolutionNode = FALSE
	EndGlobalSection
	GlobalSection(NestedProjects) = preSolution
		{974EE5EA-95F4-4352-9C45-B632D4F5C593} = {63390858-536F-4A87-BC74-8C81AF909FA2}
		{898ABB6D-94DD-42DF-A1CB-482F973B82E3} = {63390858-536F-4A87-BC74-8C81AF909FA2}
	EndGlobalSection
	GlobalSection(ExtensibilityGlobals) = postSolution
		SolutionGuid = {2F4608E6-DC84-49CD-90CC-B6077B5DC7A3}
	EndGlobalSection
EndGlobal
